
Microsoft Visual Studio Solution File, Format Version 12.00
# Visual Studio Version 16
VisualStudioVersion = 16.0.31515.178
MinimumVisualStudioVersion = 10.0.40219.1
Project("{FAE04EC0-301F-11D3-BF4B-00C04F79EFBC}") = "_053502_Volodkov_Lab6", "_053502_Volodkov_Lab6\_053502_Volodkov_Lab6.csproj", "{796B5931-9A22-4E2C-B216-AA5E6DAF2B01}"
EndProject
Global
	GlobalSection(SolutionConfigurationPlatforms) = preSolution
		Debug|Any CPU = Debug|Any CPU
		Release|Any CPU = Release|Any CPU
	EndGlobalSection
	GlobalSection(ProjectConfigurationPlatforms) = postSolution
		{796B5931-9A22-4E2C-B216-AA5E6DAF2B01}.Debug|Any CPU.ActiveCfg = Debug|Any CPU
		{796B5931-9A22-4E2C-B216-AA5E6DAF2B01}.Debug|Any CPU.Build.0 = Debug|Any CPU
		{796B5931-9A22-4E2C-B216-AA5E6DAF2B01}.Release|Any CPU.ActiveCfg = Release|Any CPU
		{796B5931-9A22-4E2C-B216-AA5E6DAF2B01}.Release|Any CPU.Build.0 = Release|Any CPU
	EndGlobalSection
	GlobalSection(SolutionProperties) = preSolution
		HideSolutionNode = FALSE
	EndGlobalSection
	GlobalSection(ExtensibilityGlobals) = postSolution
		SolutionGuid = {248B2AD8-6007-4378-89D3-E3F0C42D67A9}
	EndGlobalSection
EndGlobal
